
Microsoft Visual Studio Solution File, Format Version 12.00
# Visual Studio Version 16
VisualStudioVersion = 16.0.31613.86
MinimumVisualStudioVersion = 10.0.40219.1
Project("{9A19103F-16F7-4668-BE54-9A1E7A4F7556}") = "BlueBank", "BlueBank\BlueBank.csproj", "{3923D0ED-4D53-4C2F-BC1E-6856A05B7D03}"
EndProject
Project("{FAE04EC0-301F-11D3-BF4B-00C04F79EFBC}") = "Shared", "Shared\Shared.csproj", "{C14CE58B-9CFA-4D37-9E27-9875524749D5}"
EndProject
Global
	GlobalSection(SolutionConfigurationPlatforms) = preSolution
		Debug|Any CPU = Debug|Any CPU
		Release|Any CPU = Release|Any CPU
	EndGlobalSection
	GlobalSection(ProjectConfigurationPlatforms) = postSolution
		{3923D0ED-4D53-4C2F-BC1E-6856A05B7D03}.Debug|Any CPU.ActiveCfg = Debug|Any CPU
		{3923D0ED-4D53-4C2F-BC1E-6856A05B7D03}.Debug|Any CPU.Build.0 = Debug|Any CPU
		{3923D0ED-4D53-4C2F-BC1E-6856A05B7D03}.Release|Any CPU.ActiveCfg = Release|Any CPU
		{3923D0ED-4D53-4C2F-BC1E-6856A05B7D03}.Release|Any CPU.Build.0 = Release|Any CPU
		{C14CE58B-9CFA-4D37-9E27-9875524749D5}.Debug|Any CPU.ActiveCfg = Debug|Any CPU
		{C14CE58B-9CFA-4D37-9E27-9875524749D5}.Debug|Any CPU.Build.0 = Debug|Any CPU
		{C14CE58B-9CFA-4D37-9E27-9875524749D5}.Release|Any CPU.ActiveCfg = Release|Any CPU
		{C14CE58B-9CFA-4D37-9E27-9875524749D5}.Release|Any CPU.Build.0 = Release|Any CPU
	EndGlobalSection
	GlobalSection(SolutionProperties) = preSolution
		HideSolutionNode = FALSE
	EndGlobalSection
	GlobalSection(ExtensibilityGlobals) = postSolution
		SolutionGuid = {246B2A68-4DC7-4373-B979-85204DA1CA51}
	EndGlobalSection
EndGlobal
